// !$*UTF8*$!
{
	archiveVersion = 1;
	classes = {
	};
	objectVersion = 51;
	objects = {

/* Begin PBXBuildFile section */
		2DAFD00521730632C31C90A2 /* Pods_MiniBakkal_MiniBakkalUITests.framework in Frameworks */ = {isa = PBXBuildFile; fileRef = 81572F0AAF258A6FBC3400C2 /* Pods_MiniBakkal_MiniBakkalUITests.framework */; };
		8389B4500F7330666F513B47 /* Pods_MiniBakkalTests.framework in Frameworks */ = {isa = PBXBuildFile; fileRef = 57103DA097285B2D153030A7 /* Pods_MiniBakkalTests.framework */; };
		86DCA01125D610CFB3D9D5EA /* Pods_MiniBakkal.framework in Frameworks */ = {isa = PBXBuildFile; fileRef = 908C64AC0D6AD9DC8B046187 /* Pods_MiniBakkal.framework */; };
		B331736725275E0D00328DED /* AppDelegate.swift in Sources */ = {isa = PBXBuildFile; fileRef = B331736625275E0D00328DED /* AppDelegate.swift */; };
		B331737025275E1700328DED /* Assets.xcassets in Resources */ = {isa = PBXBuildFile; fileRef = B331736F25275E1700328DED /* Assets.xcassets */; };
		B331737325275E1700328DED /* LaunchScreen.storyboard in Resources */ = {isa = PBXBuildFile; fileRef = B331737125275E1700328DED /* LaunchScreen.storyboard */; };
		B331737E25275E1700328DED /* MiniBakkalTests.swift in Sources */ = {isa = PBXBuildFile; fileRef = B331737D25275E1700328DED /* MiniBakkalTests.swift */; };
		B331738925275E1700328DED /* MiniBakkalUITests.swift in Sources */ = {isa = PBXBuildFile; fileRef = B331738825275E1700328DED /* MiniBakkalUITests.swift */; };
		B331739825276A0800328DED /* APIClient.swift in Sources */ = {isa = PBXBuildFile; fileRef = B331739725276A0800328DED /* APIClient.swift */; };
		B331739A25276A2A00328DED /* APIRouter.swift in Sources */ = {isa = PBXBuildFile; fileRef = B331739925276A2A00328DED /* APIRouter.swift */; };
		B331739C25276A4500328DED /* Constants.swift in Sources */ = {isa = PBXBuildFile; fileRef = B331739B25276A4500328DED /* Constants.swift */; };
		B331739F25276BE300328DED /* Product.swift in Sources */ = {isa = PBXBuildFile; fileRef = B331739E25276BE300328DED /* Product.swift */; };
		B33173A125276DEE00328DED /* ErrorAL.swift in Sources */ = {isa = PBXBuildFile; fileRef = B33173A025276DEE00328DED /* ErrorAL.swift */; };
		B33173A325276E7000328DED /* CheckoutRes.swift in Sources */ = {isa = PBXBuildFile; fileRef = B33173A225276E7000328DED /* CheckoutRes.swift */; };
		B33173A52527724E00328DED /* CheckoutReq.swift in Sources */ = {isa = PBXBuildFile; fileRef = B33173A42527724E00328DED /* CheckoutReq.swift */; };
		B33173AA2527845C00328DED /* GroseryListBuilder.swift in Sources */ = {isa = PBXBuildFile; fileRef = B33173A92527845C00328DED /* GroseryListBuilder.swift */; };
		B33173AC2527846D00328DED /* GroseryListContracts.swift in Sources */ = {isa = PBXBuildFile; fileRef = B33173AB2527846D00328DED /* GroseryListContracts.swift */; };
		B33173AE2527847D00328DED /* GroseryListInteractor.swift in Sources */ = {isa = PBXBuildFile; fileRef = B33173AD2527847D00328DED /* GroseryListInteractor.swift */; };
		B33173B02527848C00328DED /* GroseryListPresenter.swift in Sources */ = {isa = PBXBuildFile; fileRef = B33173AF2527848C00328DED /* GroseryListPresenter.swift */; };
		B33173B2252784BB00328DED /* GroseryListRouter.swift in Sources */ = {isa = PBXBuildFile; fileRef = B33173B1252784BB00328DED /* GroseryListRouter.swift */; };
		B33173B4252784CF00328DED /* GroseryListViewController.swift in Sources */ = {isa = PBXBuildFile; fileRef = B33173B3252784CF00328DED /* GroseryListViewController.swift */; };
		B33173B62527850C00328DED /* GroseryList.storyboard in Resources */ = {isa = PBXBuildFile; fileRef = B33173B52527850C00328DED /* GroseryList.storyboard */; };
		B33173B825278B7600328DED /* AppRouter.swift in Sources */ = {isa = PBXBuildFile; fileRef = B33173B725278B7600328DED /* AppRouter.swift */; };
		B33173BA25278BA600328DED /* AppContainer.swift in Sources */ = {isa = PBXBuildFile; fileRef = B33173B925278BA600328DED /* AppContainer.swift */; };
		B33173C22527A24B00328DED /* GroseryCell.swift in Sources */ = {isa = PBXBuildFile; fileRef = B33173C02527A24B00328DED /* GroseryCell.swift */; };
		B33173C32527A24B00328DED /* GroseryCell.xib in Resources */ = {isa = PBXBuildFile; fileRef = B33173C12527A24B00328DED /* GroseryCell.xib */; };
		B33173C825285AED00328DED /* BadgedButtonItem.swift in Sources */ = {isa = PBXBuildFile; fileRef = B33173C725285AED00328DED /* BadgedButtonItem.swift */; };
		B33173CA25285CD400328DED /* LoadingView.swift in Sources */ = {isa = PBXBuildFile; fileRef = B33173C925285CD400328DED /* LoadingView.swift */; };
/* End PBXBuildFile section */

/* Begin PBXContainerItemProxy section */
		B331737A25275E1700328DED /* PBXContainerItemProxy */ = {
			isa = PBXContainerItemProxy;
			containerPortal = B331735B25275E0D00328DED /* Project object */;
			proxyType = 1;
			remoteGlobalIDString = B331736225275E0D00328DED;
			remoteInfo = MiniBakkal;
		};
		B331738525275E1700328DED /* PBXContainerItemProxy */ = {
			isa = PBXContainerItemProxy;
			containerPortal = B331735B25275E0D00328DED /* Project object */;
			proxyType = 1;
			remoteGlobalIDString = B331736225275E0D00328DED;
			remoteInfo = MiniBakkal;
		};
/* End PBXContainerItemProxy section */

/* Begin PBXFileReference section */
		1F652C6736DDAD1C7A7F8C97 /* Pods-MiniBakkal.release.xcconfig */ = {isa = PBXFileReference; includeInIndex = 1; lastKnownFileType = text.xcconfig; name = "Pods-MiniBakkal.release.xcconfig"; path = "Target Support Files/Pods-MiniBakkal/Pods-MiniBakkal.release.xcconfig"; sourceTree = "<group>"; };
		4C23565FA83C6532BBBB8B76 /* Pods-MiniBakkalTests.release.xcconfig */ = {isa = PBXFileReference; includeInIndex = 1; lastKnownFileType = text.xcconfig; name = "Pods-MiniBakkalTests.release.xcconfig"; path = "Target Support Files/Pods-MiniBakkalTests/Pods-MiniBakkalTests.release.xcconfig"; sourceTree = "<group>"; };
		51D1F004AF615DE68F3ABB2B /* Pods-MiniBakkal-MiniBakkalUITests.release.xcconfig */ = {isa = PBXFileReference; includeInIndex = 1; lastKnownFileType = text.xcconfig; name = "Pods-MiniBakkal-MiniBakkalUITests.release.xcconfig"; path = "Target Support Files/Pods-MiniBakkal-MiniBakkalUITests/Pods-MiniBakkal-MiniBakkalUITests.release.xcconfig"; sourceTree = "<group>"; };
		57103DA097285B2D153030A7 /* Pods_MiniBakkalTests.framework */ = {isa = PBXFileReference; explicitFileType = wrapper.framework; includeInIndex = 0; path = Pods_MiniBakkalTests.framework; sourceTree = BUILT_PRODUCTS_DIR; };
		673BFE2A347E5DAAF80E17F2 /* Pods-MiniBakkal.debug.xcconfig */ = {isa = PBXFileReference; includeInIndex = 1; lastKnownFileType = text.xcconfig; name = "Pods-MiniBakkal.debug.xcconfig"; path = "Target Support Files/Pods-MiniBakkal/Pods-MiniBakkal.debug.xcconfig"; sourceTree = "<group>"; };
		7BC122240FEF6762B156C0A0 /* Pods-MiniBakkal-MiniBakkalUITests.debug.xcconfig */ = {isa = PBXFileReference; includeInIndex = 1; lastKnownFileType = text.xcconfig; name = "Pods-MiniBakkal-MiniBakkalUITests.debug.xcconfig"; path = "Target Support Files/Pods-MiniBakkal-MiniBakkalUITests/Pods-MiniBakkal-MiniBakkalUITests.debug.xcconfig"; sourceTree = "<group>"; };
		81572F0AAF258A6FBC3400C2 /* Pods_MiniBakkal_MiniBakkalUITests.framework */ = {isa = PBXFileReference; explicitFileType = wrapper.framework; includeInIndex = 0; path = Pods_MiniBakkal_MiniBakkalUITests.framework; sourceTree = BUILT_PRODUCTS_DIR; };
		908C64AC0D6AD9DC8B046187 /* Pods_MiniBakkal.framework */ = {isa = PBXFileReference; explicitFileType = wrapper.framework; includeInIndex = 0; path = Pods_MiniBakkal.framework; sourceTree = BUILT_PRODUCTS_DIR; };
		A60FDB75044677DF6F78AB11 /* Pods-MiniBakkalTests.debug.xcconfig */ = {isa = PBXFileReference; includeInIndex = 1; lastKnownFileType = text.xcconfig; name = "Pods-MiniBakkalTests.debug.xcconfig"; path = "Target Support Files/Pods-MiniBakkalTests/Pods-MiniBakkalTests.debug.xcconfig"; sourceTree = "<group>"; };
		B331736325275E0D00328DED /* MiniBakkal.app */ = {isa = PBXFileReference; explicitFileType = wrapper.application; includeInIndex = 0; path = MiniBakkal.app; sourceTree = BUILT_PRODUCTS_DIR; };
		B331736625275E0D00328DED /* AppDelegate.swift */ = {isa = PBXFileReference; lastKnownFileType = sourcecode.swift; path = AppDelegate.swift; sourceTree = "<group>"; };
		B331736F25275E1700328DED /* Assets.xcassets */ = {isa = PBXFileReference; lastKnownFileType = folder.assetcatalog; path = Assets.xcassets; sourceTree = "<group>"; };
		B331737225275E1700328DED /* Base */ = {isa = PBXFileReference; lastKnownFileType = file.storyboard; name = Base; path = Base.lproj/LaunchScreen.storyboard; sourceTree = "<group>"; };
		B331737425275E1700328DED /* Info.plist */ = {isa = PBXFileReference; lastKnownFileType = text.plist.xml; path = Info.plist; sourceTree = "<group>"; };
		B331737925275E1700328DED /* MiniBakkalTests.xctest */ = {isa = PBXFileReference; explicitFileType = wrapper.cfbundle; includeInIndex = 0; path = MiniBakkalTests.xctest; sourceTree = BUILT_PRODUCTS_DIR; };
		B331737D25275E1700328DED /* MiniBakkalTests.swift */ = {isa = PBXFileReference; lastKnownFileType = sourcecode.swift; path = MiniBakkalTests.swift; sourceTree = "<group>"; };
		B331737F25275E1700328DED /* Info.plist */ = {isa = PBXFileReference; lastKnownFileType = text.plist.xml; path = Info.plist; sourceTree = "<group>"; };
		B331738425275E1700328DED /* MiniBakkalUITests.xctest */ = {isa = PBXFileReference; explicitFileType = wrapper.cfbundle; includeInIndex = 0; path = MiniBakkalUITests.xctest; sourceTree = BUILT_PRODUCTS_DIR; };
		B331738825275E1700328DED /* MiniBakkalUITests.swift */ = {isa = PBXFileReference; lastKnownFileType = sourcecode.swift; path = MiniBakkalUITests.swift; sourceTree = "<group>"; };
		B331738A25275E1700328DED /* Info.plist */ = {isa = PBXFileReference; lastKnownFileType = text.plist.xml; path = Info.plist; sourceTree = "<group>"; };
		B331739725276A0800328DED /* APIClient.swift */ = {isa = PBXFileReference; lastKnownFileType = sourcecode.swift; path = APIClient.swift; sourceTree = "<group>"; };
		B331739925276A2A00328DED /* APIRouter.swift */ = {isa = PBXFileReference; lastKnownFileType = sourcecode.swift; path = APIRouter.swift; sourceTree = "<group>"; };
		B331739B25276A4500328DED /* Constants.swift */ = {isa = PBXFileReference; lastKnownFileType = sourcecode.swift; path = Constants.swift; sourceTree = "<group>"; };
		B331739E25276BE300328DED /* Product.swift */ = {isa = PBXFileReference; lastKnownFileType = sourcecode.swift; path = Product.swift; sourceTree = "<group>"; };
		B33173A025276DEE00328DED /* ErrorAL.swift */ = {isa = PBXFileReference; lastKnownFileType = sourcecode.swift; path = ErrorAL.swift; sourceTree = "<group>"; };
		B33173A225276E7000328DED /* CheckoutRes.swift */ = {isa = PBXFileReference; lastKnownFileType = sourcecode.swift; path = CheckoutRes.swift; sourceTree = "<group>"; };
		B33173A42527724E00328DED /* CheckoutReq.swift */ = {isa = PBXFileReference; lastKnownFileType = sourcecode.swift; path = CheckoutReq.swift; sourceTree = "<group>"; };
		B33173A92527845C00328DED /* GroseryListBuilder.swift */ = {isa = PBXFileReference; lastKnownFileType = sourcecode.swift; path = GroseryListBuilder.swift; sourceTree = "<group>"; };
		B33173AB2527846D00328DED /* GroseryListContracts.swift */ = {isa = PBXFileReference; lastKnownFileType = sourcecode.swift; path = GroseryListContracts.swift; sourceTree = "<group>"; };
		B33173AD2527847D00328DED /* GroseryListInteractor.swift */ = {isa = PBXFileReference; lastKnownFileType = sourcecode.swift; path = GroseryListInteractor.swift; sourceTree = "<group>"; };
		B33173AF2527848C00328DED /* GroseryListPresenter.swift */ = {isa = PBXFileReference; lastKnownFileType = sourcecode.swift; path = GroseryListPresenter.swift; sourceTree = "<group>"; };
		B33173B1252784BB00328DED /* GroseryListRouter.swift */ = {isa = PBXFileReference; lastKnownFileType = sourcecode.swift; path = GroseryListRouter.swift; sourceTree = "<group>"; };
		B33173B3252784CF00328DED /* GroseryListViewController.swift */ = {isa = PBXFileReference; lastKnownFileType = sourcecode.swift; path = GroseryListViewController.swift; sourceTree = "<group>"; };
		B33173B52527850C00328DED /* GroseryList.storyboard */ = {isa = PBXFileReference; lastKnownFileType = file.storyboard; path = GroseryList.storyboard; sourceTree = "<group>"; };
		B33173B725278B7600328DED /* AppRouter.swift */ = {isa = PBXFileReference; lastKnownFileType = sourcecode.swift; path = AppRouter.swift; sourceTree = "<group>"; };
		B33173B925278BA600328DED /* AppContainer.swift */ = {isa = PBXFileReference; lastKnownFileType = sourcecode.swift; path = AppContainer.swift; sourceTree = "<group>"; };
		B33173C02527A24B00328DED /* GroseryCell.swift */ = {isa = PBXFileReference; lastKnownFileType = sourcecode.swift; path = GroseryCell.swift; sourceTree = "<group>"; };
		B33173C12527A24B00328DED /* GroseryCell.xib */ = {isa = PBXFileReference; lastKnownFileType = file.xib; path = GroseryCell.xib; sourceTree = "<group>"; };
		B33173C725285AED00328DED /* BadgedButtonItem.swift */ = {isa = PBXFileReference; lastKnownFileType = sourcecode.swift; path = BadgedButtonItem.swift; sourceTree = "<group>"; };
		B33173C925285CD400328DED /* LoadingView.swift */ = {isa = PBXFileReference; lastKnownFileType = sourcecode.swift; path = LoadingView.swift; sourceTree = "<group>"; };
/* End PBXFileReference section */

/* Begin PBXFrameworksBuildPhase section */
		B331736025275E0D00328DED /* Frameworks */ = {
			isa = PBXFrameworksBuildPhase;
			buildActionMask = 2147483647;
			files = (
				86DCA01125D610CFB3D9D5EA /* Pods_MiniBakkal.framework in Frameworks */,
			);
			runOnlyForDeploymentPostprocessing = 0;
		};
		B331737625275E1700328DED /* Frameworks */ = {
			isa = PBXFrameworksBuildPhase;
			buildActionMask = 2147483647;
			files = (
				8389B4500F7330666F513B47 /* Pods_MiniBakkalTests.framework in Frameworks */,
			);
			runOnlyForDeploymentPostprocessing = 0;
		};
		B331738125275E1700328DED /* Frameworks */ = {
			isa = PBXFrameworksBuildPhase;
			buildActionMask = 2147483647;
			files = (
				2DAFD00521730632C31C90A2 /* Pods_MiniBakkal_MiniBakkalUITests.framework in Frameworks */,
			);
			runOnlyForDeploymentPostprocessing = 0;
		};
/* End PBXFrameworksBuildPhase section */

/* Begin PBXGroup section */
		783971DBB419068CAE04B073 /* Frameworks */ = {
			isa = PBXGroup;
			children = (
				908C64AC0D6AD9DC8B046187 /* Pods_MiniBakkal.framework */,
				81572F0AAF258A6FBC3400C2 /* Pods_MiniBakkal_MiniBakkalUITests.framework */,
				57103DA097285B2D153030A7 /* Pods_MiniBakkalTests.framework */,
			);
			name = Frameworks;
			sourceTree = "<group>";
		};
		B31E646471C390DD7FC35406 /* Pods */ = {
			isa = PBXGroup;
			children = (
				673BFE2A347E5DAAF80E17F2 /* Pods-MiniBakkal.debug.xcconfig */,
				1F652C6736DDAD1C7A7F8C97 /* Pods-MiniBakkal.release.xcconfig */,
				7BC122240FEF6762B156C0A0 /* Pods-MiniBakkal-MiniBakkalUITests.debug.xcconfig */,
				51D1F004AF615DE68F3ABB2B /* Pods-MiniBakkal-MiniBakkalUITests.release.xcconfig */,
				A60FDB75044677DF6F78AB11 /* Pods-MiniBakkalTests.debug.xcconfig */,
				4C23565FA83C6532BBBB8B76 /* Pods-MiniBakkalTests.release.xcconfig */,
			);
			path = Pods;
			sourceTree = "<group>";
		};
		B331735A25275E0D00328DED = {
			isa = PBXGroup;
			children = (
				B331736525275E0D00328DED /* MiniBakkal */,
				B331737C25275E1700328DED /* MiniBakkalTests */,
				B331738725275E1700328DED /* MiniBakkalUITests */,
				B331736425275E0D00328DED /* Products */,
				B31E646471C390DD7FC35406 /* Pods */,
				783971DBB419068CAE04B073 /* Frameworks */,
			);
			sourceTree = "<group>";
		};
		B331736425275E0D00328DED /* Products */ = {
			isa = PBXGroup;
			children = (
				B331736325275E0D00328DED /* MiniBakkal.app */,
				B331737925275E1700328DED /* MiniBakkalTests.xctest */,
				B331738425275E1700328DED /* MiniBakkalUITests.xctest */,
			);
			name = Products;
			sourceTree = "<group>";
		};
		B331736525275E0D00328DED /* MiniBakkal */ = {
			isa = PBXGroup;
			children = (
				B33173C42527CA4D00328DED /* Utility */,
				B33173A72527835000328DED /* Scenes */,
				B33173A62527832300328DED /* App */,
				B331739D25276B9D00328DED /* Model */,
				B3317396252769E800328DED /* Network */,
				B331736F25275E1700328DED /* Assets.xcassets */,
				B331737125275E1700328DED /* LaunchScreen.storyboard */,
				B331737425275E1700328DED /* Info.plist */,
			);
			path = MiniBakkal;
			sourceTree = "<group>";
		};
		B331737C25275E1700328DED /* MiniBakkalTests */ = {
			isa = PBXGroup;
			children = (
				B331737D25275E1700328DED /* MiniBakkalTests.swift */,
				B331737F25275E1700328DED /* Info.plist */,
			);
			path = MiniBakkalTests;
			sourceTree = "<group>";
		};
		B331738725275E1700328DED /* MiniBakkalUITests */ = {
			isa = PBXGroup;
			children = (
				B331738825275E1700328DED /* MiniBakkalUITests.swift */,
				B331738A25275E1700328DED /* Info.plist */,
			);
			path = MiniBakkalUITests;
			sourceTree = "<group>";
		};
		B3317396252769E800328DED /* Network */ = {
			isa = PBXGroup;
			children = (
				B331739725276A0800328DED /* APIClient.swift */,
				B331739925276A2A00328DED /* APIRouter.swift */,
				B331739B25276A4500328DED /* Constants.swift */,
			);
			path = Network;
			sourceTree = "<group>";
		};
		B331739D25276B9D00328DED /* Model */ = {
			isa = PBXGroup;
			children = (
				B331739E25276BE300328DED /* Product.swift */,
				B33173A025276DEE00328DED /* ErrorAL.swift */,
				B33173A225276E7000328DED /* CheckoutRes.swift */,
				B33173A42527724E00328DED /* CheckoutReq.swift */,
			);
			path = Model;
			sourceTree = "<group>";
		};
		B33173A62527832300328DED /* App */ = {
			isa = PBXGroup;
			children = (
				B331736625275E0D00328DED /* AppDelegate.swift */,
				B33173B725278B7600328DED /* AppRouter.swift */,
				B33173B925278BA600328DED /* AppContainer.swift */,
			);
			path = App;
			sourceTree = "<group>";
		};
		B33173A72527835000328DED /* Scenes */ = {
			isa = PBXGroup;
			children = (
				B33173A8252783F300328DED /* GroseryList */,
			);
			path = Scenes;
			sourceTree = "<group>";
		};
		B33173A8252783F300328DED /* GroseryList */ = {
			isa = PBXGroup;
			children = (
				B33173BB2527A1F700328DED /* GroseryCell */,
				B33173A92527845C00328DED /* GroseryListBuilder.swift */,
				B33173AB2527846D00328DED /* GroseryListContracts.swift */,
				B33173AD2527847D00328DED /* GroseryListInteractor.swift */,
				B33173AF2527848C00328DED /* GroseryListPresenter.swift */,
				B33173B1252784BB00328DED /* GroseryListRouter.swift */,
				B33173B3252784CF00328DED /* GroseryListViewController.swift */,
				B33173B52527850C00328DED /* GroseryList.storyboard */,
			);
			path = GroseryList;
			sourceTree = "<group>";
		};
		B33173BB2527A1F700328DED /* GroseryCell */ = {
			isa = PBXGroup;
			children = (
				B33173C02527A24B00328DED /* GroseryCell.swift */,
				B33173C12527A24B00328DED /* GroseryCell.xib */,
			);
			path = GroseryCell;
			sourceTree = "<group>";
		};
		B33173C42527CA4D00328DED /* Utility */ = {
			isa = PBXGroup;
			children = (
				B33173C725285AED00328DED /* BadgedButtonItem.swift */,
				B33173C925285CD400328DED /* LoadingView.swift */,
			);
			path = Utility;
			sourceTree = "<group>";
		};
/* End PBXGroup section */

/* Begin PBXNativeTarget section */
		B331736225275E0D00328DED /* MiniBakkal */ = {
			isa = PBXNativeTarget;
			buildConfigurationList = B331738D25275E1700328DED /* Build configuration list for PBXNativeTarget "MiniBakkal" */;
			buildPhases = (
				E1347AE29A5D626015BEBEF8 /* [CP] Check Pods Manifest.lock */,
				B331735F25275E0D00328DED /* Sources */,
				B331736025275E0D00328DED /* Frameworks */,
				B331736125275E0D00328DED /* Resources */,
				A307485C906190DD5C5E3526 /* [CP] Embed Pods Frameworks */,
			);
			buildRules = (
			);
			dependencies = (
			);
			name = MiniBakkal;
			productName = MiniBakkal;
			productReference = B331736325275E0D00328DED /* MiniBakkal.app */;
			productType = "com.apple.product-type.application";
		};
		B331737825275E1700328DED /* MiniBakkalTests */ = {
			isa = PBXNativeTarget;
			buildConfigurationList = B331739025275E1700328DED /* Build configuration list for PBXNativeTarget "MiniBakkalTests" */;
			buildPhases = (
				D77E60B253E3F92A8DF54675 /* [CP] Check Pods Manifest.lock */,
				B331737525275E1700328DED /* Sources */,
				B331737625275E1700328DED /* Frameworks */,
				B331737725275E1700328DED /* Resources */,
			);
			buildRules = (
			);
			dependencies = (
				B331737B25275E1700328DED /* PBXTargetDependency */,
			);
			name = MiniBakkalTests;
			productName = MiniBakkalTests;
			productReference = B331737925275E1700328DED /* MiniBakkalTests.xctest */;
			productType = "com.apple.product-type.bundle.unit-test";
		};
		B331738325275E1700328DED /* MiniBakkalUITests */ = {
			isa = PBXNativeTarget;
			buildConfigurationList = B331739325275E1700328DED /* Build configuration list for PBXNativeTarget "MiniBakkalUITests" */;
			buildPhases = (
				4AC84608B12EFE5BAF2B1227 /* [CP] Check Pods Manifest.lock */,
				B331738025275E1700328DED /* Sources */,
				B331738125275E1700328DED /* Frameworks */,
				B331738225275E1700328DED /* Resources */,
				CD404DDF3794954CC02200B0 /* [CP] Embed Pods Frameworks */,
			);
			buildRules = (
			);
			dependencies = (
				B331738625275E1700328DED /* PBXTargetDependency */,
			);
			name = MiniBakkalUITests;
			productName = MiniBakkalUITests;
			productReference = B331738425275E1700328DED /* MiniBakkalUITests.xctest */;
			productType = "com.apple.product-type.bundle.ui-testing";
		};
/* End PBXNativeTarget section */

/* Begin PBXProject section */
		B331735B25275E0D00328DED /* Project object */ = {
			isa = PBXProject;
			attributes = {
				LastSwiftUpdateCheck = 1160;
				LastUpgradeCheck = 1160;
				ORGANIZATIONNAME = "Burak KAYA";
				TargetAttributes = {
					B331736225275E0D00328DED = {
						CreatedOnToolsVersion = 11.6;
					};
					B331737825275E1700328DED = {
						CreatedOnToolsVersion = 11.6;
						TestTargetID = B331736225275E0D00328DED;
					};
					B331738325275E1700328DED = {
						CreatedOnToolsVersion = 11.6;
						TestTargetID = B331736225275E0D00328DED;
					};
				};
			};
			buildConfigurationList = B331735E25275E0D00328DED /* Build configuration list for PBXProject "MiniBakkal" */;
			compatibilityVersion = "Xcode 9.3";
			developmentRegion = en;
			hasScannedForEncodings = 0;
			knownRegions = (
				en,
				Base,
			);
			mainGroup = B331735A25275E0D00328DED;
			productRefGroup = B331736425275E0D00328DED /* Products */;
			projectDirPath = "";
			projectRoot = "";
			targets = (
				B331736225275E0D00328DED /* MiniBakkal */,
				B331737825275E1700328DED /* MiniBakkalTests */,
				B331738325275E1700328DED /* MiniBakkalUITests */,
			);
		};
/* End PBXProject section */

/* Begin PBXResourcesBuildPhase section */
		B331736125275E0D00328DED /* Resources */ = {
			isa = PBXResourcesBuildPhase;
			buildActionMask = 2147483647;
			files = (
				B331737325275E1700328DED /* LaunchScreen.storyboard in Resources */,
				B33173B62527850C00328DED /* GroseryList.storyboard in Resources */,
				B331737025275E1700328DED /* Assets.xcassets in Resources */,
				B33173C32527A24B00328DED /* GroseryCell.xib in Resources */,
			);
			runOnlyForDeploymentPostprocessing = 0;
		};
		B331737725275E1700328DED /* Resources */ = {
			isa = PBXResourcesBuildPhase;
			buildActionMask = 2147483647;
			files = (
			);
			runOnlyForDeploymentPostprocessing = 0;
		};
		B331738225275E1700328DED /* Resources */ = {
			isa = PBXResourcesBuildPhase;
			buildActionMask = 2147483647;
			files = (
			);
			runOnlyForDeploymentPostprocessing = 0;
		};
/* End PBXResourcesBuildPhase section */

/* Begin PBXShellScriptBuildPhase section */
		4AC84608B12EFE5BAF2B1227 /* [CP] Check Pods Manifest.lock */ = {
			isa = PBXShellScriptBuildPhase;
			buildActionMask = 2147483647;
			files = (
			);
			inputFileListPaths = (
			);
			inputPaths = (
				"${PODS_PODFILE_DIR_PATH}/Podfile.lock",
				"${PODS_ROOT}/Manifest.lock",
			);
			name = "[CP] Check Pods Manifest.lock";
			outputFileListPaths = (
			);
			outputPaths = (
				"$(DERIVED_FILE_DIR)/Pods-MiniBakkal-MiniBakkalUITests-checkManifestLockResult.txt",
			);
			runOnlyForDeploymentPostprocessing = 0;
			shellPath = /bin/sh;
			shellScript = "diff \"${PODS_PODFILE_DIR_PATH}/Podfile.lock\" \"${PODS_ROOT}/Manifest.lock\" > /dev/null\nif [ $? != 0 ] ; then\n    # print error to STDERR\n    echo \"error: The sandbox is not in sync with the Podfile.lock. Run 'pod install' or update your CocoaPods installation.\" >&2\n    exit 1\nfi\n# This output is used by Xcode 'outputs' to avoid re-running this script phase.\necho \"SUCCESS\" > \"${SCRIPT_OUTPUT_FILE_0}\"\n";
			showEnvVarsInLog = 0;
		};
		A307485C906190DD5C5E3526 /* [CP] Embed Pods Frameworks */ = {
			isa = PBXShellScriptBuildPhase;
			buildActionMask = 2147483647;
			files = (
			);
			inputFileListPaths = (
				"${PODS_ROOT}/Target Support Files/Pods-MiniBakkal/Pods-MiniBakkal-frameworks-${CONFIGURATION}-input-files.xcfilelist",
			);
			name = "[CP] Embed Pods Frameworks";
			outputFileListPaths = (
				"${PODS_ROOT}/Target Support Files/Pods-MiniBakkal/Pods-MiniBakkal-frameworks-${CONFIGURATION}-output-files.xcfilelist",
			);
			runOnlyForDeploymentPostprocessing = 0;
			shellPath = /bin/sh;
			shellScript = "\"${PODS_ROOT}/Target Support Files/Pods-MiniBakkal/Pods-MiniBakkal-frameworks.sh\"\n";
			showEnvVarsInLog = 0;
		};
		CD404DDF3794954CC02200B0 /* [CP] Embed Pods Frameworks */ = {
			isa = PBXShellScriptBuildPhase;
			buildActionMask = 2147483647;
			files = (
			);
			inputFileListPaths = (
				"${PODS_ROOT}/Target Support Files/Pods-MiniBakkal-MiniBakkalUITests/Pods-MiniBakkal-MiniBakkalUITests-frameworks-${CONFIGURATION}-input-files.xcfilelist",
			);
			name = "[CP] Embed Pods Frameworks";
			outputFileListPaths = (
				"${PODS_ROOT}/Target Support Files/Pods-MiniBakkal-MiniBakkalUITests/Pods-MiniBakkal-MiniBakkalUITests-frameworks-${CONFIGURATION}-output-files.xcfilelist",
			);
			runOnlyForDeploymentPostprocessing = 0;
			shellPath = /bin/sh;
			shellScript = "\"${PODS_ROOT}/Target Support Files/Pods-MiniBakkal-MiniBakkalUITests/Pods-MiniBakkal-MiniBakkalUITests-frameworks.sh\"\n";
			showEnvVarsInLog = 0;
		};
		D77E60B253E3F92A8DF54675 /* [CP] Check Pods Manifest.lock */ = {
			isa = PBXShellScriptBuildPhase;
			buildActionMask = 2147483647;
			files = (
			);
			inputFileListPaths = (
			);
			inputPaths = (
				"${PODS_PODFILE_DIR_PATH}/Podfile.lock",
				"${PODS_ROOT}/Manifest.lock",
			);
			name = "[CP] Check Pods Manifest.lock";
			outputFileListPaths = (
			);
			outputPaths = (
				"$(DERIVED_FILE_DIR)/Pods-MiniBakkalTests-checkManifestLockResult.txt",
			);
			runOnlyForDeploymentPostprocessing = 0;
			shellPath = /bin/sh;
			shellScript = "diff \"${PODS_PODFILE_DIR_PATH}/Podfile.lock\" \"${PODS_ROOT}/Manifest.lock\" > /dev/null\nif [ $? != 0 ] ; then\n    # print error to STDERR\n    echo \"error: The sandbox is not in sync with the Podfile.lock. Run 'pod install' or update your CocoaPods installation.\" >&2\n    exit 1\nfi\n# This output is used by Xcode 'outputs' to avoid re-running this script phase.\necho \"SUCCESS\" > \"${SCRIPT_OUTPUT_FILE_0}\"\n";
			showEnvVarsInLog = 0;
		};
		E1347AE29A5D626015BEBEF8 /* [CP] Check Pods Manifest.lock */ = {
			isa = PBXShellScriptBuildPhase;
			buildActionMask = 2147483647;
			files = (
			);
			inputFileListPaths = (
			);
			inputPaths = (
				"${PODS_PODFILE_DIR_PATH}/Podfile.lock",
				"${PODS_ROOT}/Manifest.lock",
			);
			name = "[CP] Check Pods Manifest.lock";
			outputFileListPaths = (
			);
			outputPaths = (
				"$(DERIVED_FILE_DIR)/Pods-MiniBakkal-checkManifestLockResult.txt",
			);
			runOnlyForDeploymentPostprocessing = 0;
			shellPath = /bin/sh;
			shellScript = "diff \"${PODS_PODFILE_DIR_PATH}/Podfile.lock\" \"${PODS_ROOT}/Manifest.lock\" > /dev/null\nif [ $? != 0 ] ; then\n    # print error to STDERR\n    echo \"error: The sandbox is not in sync with the Podfile.lock. Run 'pod install' or update your CocoaPods installation.\" >&2\n    exit 1\nfi\n# This output is used by Xcode 'outputs' to avoid re-running this script phase.\necho \"SUCCESS\" > \"${SCRIPT_OUTPUT_FILE_0}\"\n";
			showEnvVarsInLog = 0;
		};
/* End PBXShellScriptBuildPhase section */

/* Begin PBXSourcesBuildPhase section */
		B331735F25275E0D00328DED /* Sources */ = {
			isa = PBXSourcesBuildPhase;
			buildActionMask = 2147483647;
			files = (
				B33173AE2527847D00328DED /* GroseryListInteractor.swift in Sources */,
				B33173BA25278BA600328DED /* AppContainer.swift in Sources */,
				B331739A25276A2A00328DED /* APIRouter.swift in Sources */,
				B33173AA2527845C00328DED /* GroseryListBuilder.swift in Sources */,
				B33173C22527A24B00328DED /* GroseryCell.swift in Sources */,
				B33173C825285AED00328DED /* BadgedButtonItem.swift in Sources */,
				B33173A52527724E00328DED /* CheckoutReq.swift in Sources */,
				B33173B2252784BB00328DED /* GroseryListRouter.swift in Sources */,
				B331736725275E0D00328DED /* AppDelegate.swift in Sources */,
				B33173A325276E7000328DED /* CheckoutRes.swift in Sources */,
				B331739825276A0800328DED /* APIClient.swift in Sources */,
				B33173B825278B7600328DED /* AppRouter.swift in Sources */,
				B331739C25276A4500328DED /* Constants.swift in Sources */,
				B33173AC2527846D00328DED /* GroseryListContracts.swift in Sources */,
				B331739F25276BE300328DED /* Product.swift in Sources */,
				B33173B4252784CF00328DED /* GroseryListViewController.swift in Sources */,
				B33173B02527848C00328DED /* GroseryListPresenter.swift in Sources */,
				B33173CA25285CD400328DED /* LoadingView.swift in Sources */,
				B33173A125276DEE00328DED /* ErrorAL.swift in Sources */,
			);
			runOnlyForDeploymentPostprocessing = 0;
		};
		B331737525275E1700328DED /* Sources */ = {
			isa = PBXSourcesBuildPhase;
			buildActionMask = 2147483647;
			files = (
				B331737E25275E1700328DED /* MiniBakkalTests.swift in Sources */,
			);
			runOnlyForDeploymentPostprocessing = 0;
		};
		B331738025275E1700328DED /* Sources */ = {
			isa = PBXSourcesBuildPhase;
			buildActionMask = 2147483647;
			files = (
				B331738925275E1700328DED /* MiniBakkalUITests.swift in Sources */,
			);
			runOnlyForDeploymentPostprocessing = 0;
		};
/* End PBXSourcesBuildPhase section */

/* Begin PBXTargetDependency section */
		B331737B25275E1700328DED /* PBXTargetDependency */ = {
			isa = PBXTargetDependency;
			target = B331736225275E0D00328DED /* MiniBakkal */;
			targetProxy = B331737A25275E1700328DED /* PBXContainerItemProxy */;
		};
		B331738625275E1700328DED /* PBXTargetDependency */ = {
			isa = PBXTargetDependency;
			target = B331736225275E0D00328DED /* MiniBakkal */;
			targetProxy = B331738525275E1700328DED /* PBXContainerItemProxy */;
		};
/* End PBXTargetDependency section */

/* Begin PBXVariantGroup section */
		B331737125275E1700328DED /* LaunchScreen.storyboard */ = {
			isa = PBXVariantGroup;
			children = (
				B331737225275E1700328DED /* Base */,
			);
			name = LaunchScreen.storyboard;
			sourceTree = "<group>";
		};
/* End PBXVariantGroup section */

/* Begin XCBuildConfiguration section */
		B331738B25275E1700328DED /* Debug */ = {
			isa = XCBuildConfiguration;
			buildSettings = {
				ALWAYS_SEARCH_USER_PATHS = NO;
				CLANG_ANALYZER_NONNULL = YES;
				CLANG_ANALYZER_NUMBER_OBJECT_CONVERSION = YES_AGGRESSIVE;
				CLANG_CXX_LANGUAGE_STANDARD = "gnu++14";
				CLANG_CXX_LIBRARY = "libc++";
				CLANG_ENABLE_MODULES = YES;
				CLANG_ENABLE_OBJC_ARC = YES;
				CLANG_ENABLE_OBJC_WEAK = YES;
				CLANG_WARN_BLOCK_CAPTURE_AUTORELEASING = YES;
				CLANG_WARN_BOOL_CONVERSION = YES;
				CLANG_WARN_COMMA = YES;
				CLANG_WARN_CONSTANT_CONVERSION = YES;
				CLANG_WARN_DEPRECATED_OBJC_IMPLEMENTATIONS = YES;
				CLANG_WARN_DIRECT_OBJC_ISA_USAGE = YES_ERROR;
				CLANG_WARN_DOCUMENTATION_COMMENTS = YES;
				CLANG_WARN_EMPTY_BODY = YES;
				CLANG_WARN_ENUM_CONVERSION = YES;
				CLANG_WARN_INFINITE_RECURSION = YES;
				CLANG_WARN_INT_CONVERSION = YES;
				CLANG_WARN_NON_LITERAL_NULL_CONVERSION = YES;
				CLANG_WARN_OBJC_IMPLICIT_RETAIN_SELF = YES;
				CLANG_WARN_OBJC_LITERAL_CONVERSION = YES;
				CLANG_WARN_OBJC_ROOT_CLASS = YES_ERROR;
				CLANG_WARN_RANGE_LOOP_ANALYSIS = YES;
				CLANG_WARN_STRICT_PROTOTYPES = YES;
				CLANG_WARN_SUSPICIOUS_MOVE = YES;
				CLANG_WARN_UNGUARDED_AVAILABILITY = YES_AGGRESSIVE;
				CLANG_WARN_UNREACHABLE_CODE = YES;
				CLANG_WARN__DUPLICATE_METHOD_MATCH = YES;
				COPY_PHASE_STRIP = NO;
				DEBUG_INFORMATION_FORMAT = dwarf;
				ENABLE_STRICT_OBJC_MSGSEND = YES;
				ENABLE_TESTABILITY = YES;
				GCC_C_LANGUAGE_STANDARD = gnu11;
				GCC_DYNAMIC_NO_PIC = NO;
				GCC_NO_COMMON_BLOCKS = YES;
				GCC_OPTIMIZATION_LEVEL = 0;
				GCC_PREPROCESSOR_DEFINITIONS = (
					"DEBUG=1",
					"$(inherited)",
				);
				GCC_WARN_64_TO_32_BIT_CONVERSION = YES;
				GCC_WARN_ABOUT_RETURN_TYPE = YES_ERROR;
				GCC_WARN_UNDECLARED_SELECTOR = YES;
				GCC_WARN_UNINITIALIZED_AUTOS = YES_AGGRESSIVE;
				GCC_WARN_UNUSED_FUNCTION = YES;
				GCC_WARN_UNUSED_VARIABLE = YES;
				IPHONEOS_DEPLOYMENT_TARGET = 13.6;
				MTL_ENABLE_DEBUG_INFO = INCLUDE_SOURCE;
				MTL_FAST_MATH = YES;
				ONLY_ACTIVE_ARCH = YES;
				SDKROOT = iphoneos;
				SWIFT_ACTIVE_COMPILATION_CONDITIONS = DEBUG;
				SWIFT_OPTIMIZATION_LEVEL = "-Onone";
			};
			name = Debug;
		};
		B331738C25275E1700328DED /* Release */ = {
			isa = XCBuildConfiguration;
			buildSettings = {
				ALWAYS_SEARCH_USER_PATHS = NO;
				CLANG_ANALYZER_NONNULL = YES;
				CLANG_ANALYZER_NUMBER_OBJECT_CONVERSION = YES_AGGRESSIVE;
				CLANG_CXX_LANGUAGE_STANDARD = "gnu++14";
				CLANG_CXX_LIBRARY = "libc++";
				CLANG_ENABLE_MODULES = YES;
				CLANG_ENABLE_OBJC_ARC = YES;
				CLANG_ENABLE_OBJC_WEAK = YES;
				CLANG_WARN_BLOCK_CAPTURE_AUTORELEASING = YES;
				CLANG_WARN_BOOL_CONVERSION = YES;
				CLANG_WARN_COMMA = YES;
				CLANG_WARN_CONSTANT_CONVERSION = YES;
				CLANG_WARN_DEPRECATED_OBJC_IMPLEMENTATIONS = YES;
				CLANG_WARN_DIRECT_OBJC_ISA_USAGE = YES_ERROR;
				CLANG_WARN_DOCUMENTATION_COMMENTS = YES;
				CLANG_WARN_EMPTY_BODY = YES;
				CLANG_WARN_ENUM_CONVERSION = YES;
				CLANG_WARN_INFINITE_RECURSION = YES;
				CLANG_WARN_INT_CONVERSION = YES;
				CLANG_WARN_NON_LITERAL_NULL_CONVERSION = YES;
				CLANG_WARN_OBJC_IMPLICIT_RETAIN_SELF = YES;
				CLANG_WARN_OBJC_LITERAL_CONVERSION = YES;
				CLANG_WARN_OBJC_ROOT_CLASS = YES_ERROR;
				CLANG_WARN_RANGE_LOOP_ANALYSIS = YES;
				CLANG_WARN_STRICT_PROTOTYPES = YES;
				CLANG_WARN_SUSPICIOUS_MOVE = YES;
				CLANG_WARN_UNGUARDED_AVAILABILITY = YES_AGGRESSIVE;
				CLANG_WARN_UNREACHABLE_CODE = YES;
				CLANG_WARN__DUPLICATE_METHOD_MATCH = YES;
				COPY_PHASE_STRIP = NO;
				DEBUG_INFORMATION_FORMAT = "dwarf-with-dsym";
				ENABLE_NS_ASSERTIONS = NO;
				ENABLE_STRICT_OBJC_MSGSEND = YES;
				GCC_C_LANGUAGE_STANDARD = gnu11;
				GCC_NO_COMMON_BLOCKS = YES;
				GCC_WARN_64_TO_32_BIT_CONVERSION = YES;
				GCC_WARN_ABOUT_RETURN_TYPE = YES_ERROR;
				GCC_WARN_UNDECLARED_SELECTOR = YES;
				GCC_WARN_UNINITIALIZED_AUTOS = YES_AGGRESSIVE;
				GCC_WARN_UNUSED_FUNCTION = YES;
				GCC_WARN_UNUSED_VARIABLE = YES;
				IPHONEOS_DEPLOYMENT_TARGET = 13.6;
				MTL_ENABLE_DEBUG_INFO = NO;
				MTL_FAST_MATH = YES;
				SDKROOT = iphoneos;
				SWIFT_COMPILATION_MODE = wholemodule;
				SWIFT_OPTIMIZATION_LEVEL = "-O";
				VALIDATE_PRODUCT = YES;
			};
			name = Release;
		};
		B331738E25275E1700328DED /* Debug */ = {
			isa = XCBuildConfiguration;
			baseConfigurationReference = 673BFE2A347E5DAAF80E17F2 /* Pods-MiniBakkal.debug.xcconfig */;
			buildSettings = {
				ASSETCATALOG_COMPILER_APPICON_NAME = AppIcon;
				CODE_SIGN_STYLE = Automatic;
				INFOPLIST_FILE = MiniBakkal/Info.plist;
				LD_RUNPATH_SEARCH_PATHS = (
					"$(inherited)",
					"@executable_path/Frameworks",
				);
				PRODUCT_BUNDLE_IDENTIFIER = com.burakka.MiniBakkal;
				PRODUCT_NAME = "$(TARGET_NAME)";
				SWIFT_VERSION = 5.0;
				TARGETED_DEVICE_FAMILY = "1,2";
			};
			name = Debug;
		};
		B331738F25275E1700328DED /* Release */ = {
			isa = XCBuildConfiguration;
			baseConfigurationReference = 1F652C6736DDAD1C7A7F8C97 /* Pods-MiniBakkal.release.xcconfig */;
			buildSettings = {
				ASSETCATALOG_COMPILER_APPICON_NAME = AppIcon;
				CODE_SIGN_STYLE = Automatic;
				INFOPLIST_FILE = MiniBakkal/Info.plist;
				LD_RUNPATH_SEARCH_PATHS = (
					"$(inherited)",
					"@executable_path/Frameworks",
				);
				PRODUCT_BUNDLE_IDENTIFIER = com.burakka.MiniBakkal;
				PRODUCT_NAME = "$(TARGET_NAME)";
				SWIFT_VERSION = 5.0;
				TARGETED_DEVICE_FAMILY = "1,2";
			};
			name = Release;
		};
		B331739125275E1700328DED /* Debug */ = {
			isa = XCBuildConfiguration;
			baseConfigurationReference = A60FDB75044677DF6F78AB11 /* Pods-MiniBakkalTests.debug.xcconfig */;
			buildSettings = {
				ALWAYS_EMBED_SWIFT_STANDARD_LIBRARIES = YES;
				BUNDLE_LOADER = "$(TEST_HOST)";
				CODE_SIGN_STYLE = Automatic;
				INFOPLIST_FILE = MiniBakkalTests/Info.plist;
				IPHONEOS_DEPLOYMENT_TARGET = 13.6;
				LD_RUNPATH_SEARCH_PATHS = (
					"$(inherited)",
					"@executable_path/Frameworks",
					"@loader_path/Frameworks",
				);
				PRODUCT_BUNDLE_IDENTIFIER = com.burakka.MiniBakkalTests;
				PRODUCT_NAME = "$(TARGET_NAME)";
				SWIFT_VERSION = 5.0;
				TARGETED_DEVICE_FAMILY = "1,2";
				TEST_HOST = "$(BUILT_PRODUCTS_DIR)/MiniBakkal.app/MiniBakkal";
			};
			name = Debug;
		};
		B331739225275E1700328DED /* Release */ = {
			isa = XCBuildConfiguration;
			baseConfigurationReference = 4C23565FA83C6532BBBB8B76 /* Pods-MiniBakkalTests.release.xcconfig */;
			buildSettings = {
				ALWAYS_EMBED_SWIFT_STANDARD_LIBRARIES = YES;
				BUNDLE_LOADER = "$(TEST_HOST)";
				CODE_SIGN_STYLE = Automatic;
				INFOPLIST_FILE = MiniBakkalTests/Info.plist;
				IPHONEOS_DEPLOYMENT_TARGET = 13.6;
				LD_RUNPATH_SEARCH_PATHS = (
					"$(inherited)",
					"@executable_path/Frameworks",
					"@loader_path/Frameworks",
				);
				PRODUCT_BUNDLE_IDENTIFIER = com.burakka.MiniBakkalTests;
				PRODUCT_NAME = "$(TARGET_NAME)";
				SWIFT_VERSION = 5.0;
				TARGETED_DEVICE_FAMILY = "1,2";
				TEST_HOST = "$(BUILT_PRODUCTS_DIR)/MiniBakkal.app/MiniBakkal";
			};
			name = Release;
		};
		B331739425275E1700328DED /* Debug */ = {
			isa = XCBuildConfiguration;
			baseConfigurationReference = 7BC122240FEF6762B156C0A0 /* Pods-MiniBakkal-MiniBakkalUITests.debug.xcconfig */;
			buildSettings = {
				ALWAYS_EMBED_SWIFT_STANDARD_LIBRARIES = YES;
				CODE_SIGN_STYLE = Automatic;
				INFOPLIST_FILE = MiniBakkalUITests/Info.plist;
				LD_RUNPATH_SEARCH_PATHS = (
					"$(inherited)",
					"@executable_path/Frameworks",
					"@loader_path/Frameworks",
				);
				PRODUCT_BUNDLE_IDENTIFIER = com.burakka.MiniBakkalUITests;
				PRODUCT_NAME = "$(TARGET_NAME)";
				SWIFT_VERSION = 5.0;
				TARGETED_DEVICE_FAMILY = "1,2";
				TEST_TARGET_NAME = MiniBakkal;
			};
			name = Debug;
		};
		B331739525275E1700328DED /* Release */ = {
			isa = XCBuildConfiguration;
			baseConfigurationReference = 51D1F004AF615DE68F3ABB2B /* Pods-MiniBakkal-MiniBakkalUITests.release.xcconfig */;
			buildSettings = {
				ALWAYS_EMBED_SWIFT_STANDARD_LIBRARIES = YES;
				CODE_SIGN_STYLE = Automatic;
				INFOPLIST_FILE = MiniBakkalUITests/Info.plist;
				LD_RUNPATH_SEARCH_PATHS = (
					"$(inherited)",
					"@executable_path/Frameworks",
					"@loader_path/Frameworks",
				);
				PRODUCT_BUNDLE_IDENTIFIER = com.burakka.MiniBakkalUITests;
				PRODUCT_NAME = "$(TARGET_NAME)";
				SWIFT_VERSION = 5.0;
				TARGETED_DEVICE_FAMILY = "1,2";
				TEST_TARGET_NAME = MiniBakkal;
			};
			name = Release;
		};
/* End XCBuildConfiguration section */

/* Begin XCConfigurationList section */
		B331735E25275E0D00328DED /* Build configuration list for PBXProject "MiniBakkal" */ = {
			isa = XCConfigurationList;
			buildConfigurations = (
				B331738B25275E1700328DED /* Debug */,
				B331738C25275E1700328DED /* Release */,
			);
			defaultConfigurationIsVisible = 0;
			defaultConfigurationName = Release;
		};
		B331738D25275E1700328DED /* Build configuration list for PBXNativeTarget "MiniBakkal" */ = {
			isa = XCConfigurationList;
			buildConfigurations = (
				B331738E25275E1700328DED /* Debug */,
				B331738F25275E1700328DED /* Release */,
			);
			defaultConfigurationIsVisible = 0;
			defaultConfigurationName = Release;
		};
		B331739025275E1700328DED /* Build configuration list for PBXNativeTarget "MiniBakkalTests" */ = {
			isa = XCConfigurationList;
			buildConfigurations = (
				B331739125275E1700328DED /* Debug */,
				B331739225275E1700328DED /* Release */,
			);
			defaultConfigurationIsVisible = 0;
			defaultConfigurationName = Release;
		};
		B331739325275E1700328DED /* Build configuration list for PBXNativeTarget "MiniBakkalUITests" */ = {
			isa = XCConfigurationList;
			buildConfigurations = (
				B331739425275E1700328DED /* Debug */,
				B331739525275E1700328DED /* Release */,
			);
			defaultConfigurationIsVisible = 0;
			defaultConfigurationName = Release;
		};
/* End XCConfigurationList section */
	};
	rootObject = B331735B25275E0D00328DED /* Project object */;
}
